<?xml version="1.0" encoding="utf-8"?>
<Project ToolsVersion="4.0" xmlns="http://schemas.microsoft.com/developer/msbuild/2003">
  <ItemGroup>
    <Filter Include="Quelldateien">
      <UniqueIdentifier>{4FC737F1-C7A5-4376-A066-2A32D752A2FF}</UniqueIdentifier>
      <Extensions>cpp;c;cc;cxx;def;odl;idl;hpj;bat;asm;asmx</Extensions>
    </Filter>
    <Filter Include="Headerdateien">
      <UniqueIdentifier>{93995380-89BD-4b04-88EB-625FBE52EBFB}</UniqueIdentifier>
      <Extensions>h;hh;hpp;hxx;hm;inl;inc;xsd</Extensions>
    </Filter>
    <Filter Include="Ressourcendateien">
      <UniqueIdentifier>{67DA6AB6-F800-4c08-8B7A-83BB121AAD01}</UniqueIdentifier>
      <Extensions>rc;ico;cur;bmp;dlg;rc2;rct;bin;rgs;gif;jpg;jpeg;jpe;resx;tiff;tif;png;wav;mfcribbon-ms</Extensions>
    </Filter>
    <Filter Include="Headerdateien\SDK">
      <UniqueIdentifier>{7fdac5c8-52dc-4133-a90e-d1c73bcb1cd9}</UniqueIdentifier>
    </Filter>
    <Filter Include="Headerdateien\GUI">
      <UniqueIdentifier>{d7ca5026-ff7c-42c0-bc0e-344b76d81cfc}</UniqueIdentifier>
    </Filter>
    <Filter Include="Headerdateien\GUI\Console">
      <UniqueIdentifier>{cdd218aa-311b-4126-a789-fc6d898e62b1}</UniqueIdentifier>
    </Filter>
  </ItemGroup>
  <ItemGroup>
    <ClCompile Include="CRender.cpp">
      <Filter>Quelldateien</Filter>
    </ClCompile>
    <ClCompile Include="GUI\CMenuTab.cpp">
      <Filter>Headerdateien\GUI</Filter>
    </ClCompile>
    <ClCompile Include="GUI\tinyxml2.cpp">
      <Filter>Headerdateien\GUI</Filter>
    </ClCompile>
    <ClCompile Include="main.cpp">
      <Filter>Quelldateien</Filter>
    </ClCompile>
  </ItemGroup>
  <ItemGroup>
    <ClInclude Include="Factory.h">
      <Filter>Headerdateien</Filter>
    </ClInclude>
    <ClInclude Include="Utils.h">
      <Filter>Headerdateien</Filter>
    </ClInclude>
    <ClInclude Include="IBaseClientDLL.h">
      <Filter>Headerdateien\SDK</Filter>
    </ClInclude>
    <ClInclude Include="SDK.h">
      <Filter>Headerdateien\SDK</Filter>
    </ClInclude>
    <ClInclude Include="CInput.h">
      <Filter>Headerdateien\SDK</Filter>
    </ClInclude>
    <ClInclude Include="CUserCmd.h">
      <Filter>Headerdateien\SDK</Filter>
    </ClInclude>
    <ClInclude Include="CVerifiedUserCmd.h">
      <Filter>Headerdateien\SDK</Filter>
    </ClInclude>
    <ClInclude Include="Vector.h">
      <Filter>Headerdateien\SDK</Filter>
    </ClInclude>
    <ClInclude Include="CRC32.h">
      <Filter>Headerdateien\SDK</Filter>
    </ClInclude>
    <ClInclude Include="IVEngineClient.h">
      <Filter>Headerdateien\SDK</Filter>
    </ClInclude>
    <ClInclude Include="PlayerInfo.h">
      <Filter>Headerdateien\SDK</Filter>
    </ClInclude>
    <ClInclude Include="CVMTHookManager.h">
      <Filter>Headerdateien</Filter>
    </ClInclude>
    <ClInclude Include="IClientEntityList.h">
      <Filter>Headerdateien\SDK</Filter>
    </ClInclude>
    <ClInclude Include="IClientEntity.h">
      <Filter>Headerdateien\SDK</Filter>
    </ClInclude>
    <ClInclude Include="CRender.h">
      <Filter>Headerdateien</Filter>
    </ClInclude>
    <ClInclude Include="IEngineTrace.h">
      <Filter>Headerdateien\SDK</Filter>
    </ClInclude>
    <ClInclude Include="CBaseWeapon.h">
      <Filter>Headerdateien\SDK</Filter>
    </ClInclude>
    <ClInclude Include="matrix3x4_t.h">
      <Filter>Headerdateien\SDK</Filter>
    </ClInclude>
    <ClInclude Include="MISC.h">
      <Filter>Headerdateien</Filter>
    </ClInclude>
    <ClInclude Include="CClientClass.h">
      <Filter>Headerdateien\SDK</Filter>
    </ClInclude>
    <ClInclude Include="trace_t.h">
      <Filter>Headerdateien\SDK</Filter>
    </ClInclude>
    <ClInclude Include="Triggerbot.h">
      <Filter>Headerdateien</Filter>
    </ClInclude>
    <ClInclude Include="CGlobalVars.h">
      <Filter>Headerdateien\SDK</Filter>
    </ClInclude>
    <ClInclude Include="CTraceFilter.h">
      <Filter>Headerdateien</Filter>
    </ClInclude>
    <ClInclude Include="ray_t.h">
      <Filter>Headerdateien\SDK</Filter>
    </ClInclude>
    <ClInclude Include="CRankBoard.h">
      <Filter>Headerdateien</Filter>
    </ClInclude>
    <ClInclude Include="Helper.h">
      <Filter>Headerdateien</Filter>
    </ClInclude>
    <ClInclude Include="Aimbot.h">
      <Filter>Headerdateien</Filter>
    </ClInclude>
    <ClInclude Include="ESP.h">
      <Filter>Headerdateien</Filter>
    </ClInclude>
    <ClInclude Include="ISurface.h">
      <Filter>Headerdateien\SDK</Filter>
    </ClInclude>
    <ClInclude Include="IPanel.h">
      <Filter>Headerdateien\SDK</Filter>
    </ClInclude>
    <ClInclude Include="EngineRender.h">
      <Filter>Headerdateien</Filter>
    </ClInclude>
    <ClInclude Include="GUI\CBoneSelectionBox.h">
      <Filter>Headerdateien\GUI</Filter>
    </ClInclude>
    <ClInclude Include="GUI\CBoneSelector.h">
      <Filter>Headerdateien\GUI</Filter>
    </ClInclude>
    <ClInclude Include="GUI\CMenu.h">
      <Filter>Headerdateien\GUI</Filter>
    </ClInclude>
    <ClInclude Include="GUI\CMenuButton.h">
      <Filter>Headerdateien\GUI</Filter>
    </ClInclude>
    <ClInclude Include="GUI\CMenuComboBox.h">
      <Filter>Headerdateien\GUI</Filter>
    </ClInclude>
    <ClInclude Include="GUI\CMenuConfigMgr.h">
      <Filter>Headerdateien\GUI</Filter>
    </ClInclude>
    <ClInclude Include="GUI\CMenuDropDownList.h">
      <Filter>Headerdateien\GUI</Filter>
    </ClInclude>
    <ClInclude Include="GUI\CMenuItem.h">
      <Filter>Headerdateien\GUI</Filter>
    </ClInclude>
    <ClInclude Include="GUI\CMenuSelectBox.h">
      <Filter>Headerdateien\GUI</Filter>
    </ClInclude>
    <ClInclude Include="GUI\CMenuSlider.h">
      <Filter>Headerdateien\GUI</Filter>
    </ClInclude>
    <ClInclude Include="GUI\CMenuTab.h">
      <Filter>Headerdateien\GUI</Filter>
    </ClInclude>
    <ClInclude Include="GUI\CMenuTabControl.h">
      <Filter>Headerdateien\GUI</Filter>
    </ClInclude>
    <ClInclude Include="GUI\CMenuTabControlItem.h">
      <Filter>Headerdateien\GUI</Filter>
    </ClInclude>
    <ClInclude Include="GUI\CMenuTextbox.h">
      <Filter>Headerdateien\GUI</Filter>
    </ClInclude>
    <ClInclude Include="GUI\CPeriphery.h">
      <Filter>Headerdateien\GUI</Filter>
    </ClInclude>
    <ClInclude Include="GUI\MenuListener.h">
      <Filter>Headerdateien\GUI</Filter>
    </ClInclude>
    <ClInclude Include="GUI\MenuObservable.h">
      <Filter>Headerdateien\GUI</Filter>
    </ClInclude>
    <ClInclude Include="GUI\tinyxml2.h">
      <Filter>Headerdateien\GUI</Filter>
    </ClInclude>
    <ClInclude Include="GUI\Observer.h">
      <Filter>Headerdateien\GUI</Filter>
    </ClInclude>
    <ClInclude Include="ITraceFilter.h">
      <Filter>Headerdateien\SDK</Filter>
    </ClInclude>
    <ClInclude Include="VectorAligned.h">
      <Filter>Headerdateien\SDK</Filter>
    </ClInclude>
    <ClInclude Include="GUI\ConConsole.h">
      <Filter>Headerdateien\GUI\Console</Filter>
    </ClInclude>
    <ClInclude Include="GUI\ConTextarea.h">
      <Filter>Headerdateien\GUI\Console</Filter>
    </ClInclude>
    <ClInclude Include="GUI\ConTextbox.h">
      <Filter>Headerdateien\GUI\Console</Filter>
    </ClInclude>
    <ClInclude Include="GUI\ConCheatClass.h">
      <Filter>Headerdateien\GUI\Console</Filter>
    </ClInclude>
    <ClInclude Include="CWeaponConfig.h">
      <Filter>Headerdateien</Filter>
    </ClInclude>
    <ClInclude Include="stdio.h">
      <Filter>Headerdateien\SDK</Filter>
    </ClInclude>
    <ClInclude Include="IModelInfo.h">
      <Filter>Headerdateien\SDK</Filter>
    </ClInclude>
    <ClInclude Include="IDebugOverlay.h">
      <Filter>Headerdateien\SDK</Filter>
    </ClInclude>
  </ItemGroup>
</Project>